github.com/nfnt/resize v0.0.0-20180221191011-83c6a9932646 h1:zYyBkD/k9seD2A7fsi6Oo2LfFZAehjjQMERAvZLEDnQ=
github.com/nfnt/resize v0.0.0-20180221191011-83c6a9932646/go.mod h1:jpp1/29i3P1S/RLdc7JQKbRpFeM1dOBd8T9ki5s+AY8=
github.com/noelyahan/impexp v0.0.0-20201209034304-ee159d84b42f h1:5YRbggKVg5+Z9CDj1j8pVKuTnxN397YNbJQ0/ncXyEM=
github.com/noelyahan/impexp v0.0.0-20201209034304-ee159d84b42f/go.mod h1:fWa2UcdwWpSHhuvND6NYyZlDyq3lQFimsp5AOHiLC20=
github.com/noelyahan/mergi v0.0.0-20190514155713-69271a4267fb h1:WzZaliCgGSc3KOp0SSzIVSTUMTFeId24QasrefuoqGc=
github.com/noelyahan/mergi v0.0.0-20190514155713-69271a4267fb/go.mod h1:XGmRERSF4BQUP28KnOVsvB4GbceF2P5hIssjHR9eyyE=
github.com/noelyahan/mergitrans v0.0.0-20190507035323-73e76dcd7d2a h1:LFZ/NWBGkjgYuiQZKVRLaeHIeWAtVfiDwt5ZA00iyYM=
github.com/noelyahan/mergitrans v0.0.0-20190507035323-73e76dcd7d2a/go.mod h1:WOm5FMU6+FUczuxKgJiagn9T5lcrHd/IAunhd2u+dEw=
